// !$*UTF8*$!
{
	archiveVersion = 1;
	classes = {
	};
	objectVersion = 56;
	objects = {

/* Begin PBXBuildFile section */
		8738E58D299E480B005EFB0E /* RecipeDataView.swift in Sources */ = {isa = PBXBuildFile; fileRef = 8738E58C299E480B005EFB0E /* RecipeDataView.swift */; };
		87C7F70E29B6438A00E5933B /* RecipeTabView.swift in Sources */ = {isa = PBXBuildFile; fileRef = 87C7F70D29B6438A00E5933B /* RecipeTabView.swift */; };
		87D47989299BB3CE00F6DD51 /* RecipeListApp2.swift in Sources */ = {isa = PBXBuildFile; fileRef = 87D47988299BB3CE00F6DD51 /* RecipeListApp2.swift */; };
		87D4798B299BB3CE00F6DD51 /* RecipeListView.swift in Sources */ = {isa = PBXBuildFile; fileRef = 87D4798A299BB3CE00F6DD51 /* RecipeListView.swift */; };
		87D4798D299BB3CF00F6DD51 /* Assets.xcassets in Resources */ = {isa = PBXBuildFile; fileRef = 87D4798C299BB3CF00F6DD51 /* Assets.xcassets */; };
		87D47990299BB3CF00F6DD51 /* Preview Assets.xcassets in Resources */ = {isa = PBXBuildFile; fileRef = 87D4798F299BB3CF00F6DD51 /* Preview Assets.xcassets */; };
		87D4799C299BB68700F6DD51 /* recipes.json in Resources */ = {isa = PBXBuildFile; fileRef = 87D4799B299BB68700F6DD51 /* recipes.json */; };
		87D4799E299BB75200F6DD51 /* Recipe.swift in Sources */ = {isa = PBXBuildFile; fileRef = 87D4799D299BB75200F6DD51 /* Recipe.swift */; };
		87D479A0299BB8CE00F6DD51 /* RecipeModel.swift in Sources */ = {isa = PBXBuildFile; fileRef = 87D4799F299BB8CE00F6DD51 /* RecipeModel.swift */; };
		87D479A2299BBBE400F6DD51 /* DataService.swift in Sources */ = {isa = PBXBuildFile; fileRef = 87D479A1299BBBE400F6DD51 /* DataService.swift */; };
/* End PBXBuildFile section */

/* Begin PBXFileReference section */
		8738E58C299E480B005EFB0E /* RecipeDataView.swift */ = {isa = PBXFileReference; lastKnownFileType = sourcecode.swift; path = RecipeDataView.swift; sourceTree = "<group>"; };
		87C7F70D29B6438A00E5933B /* RecipeTabView.swift */ = {isa = PBXFileReference; lastKnownFileType = sourcecode.swift; path = RecipeTabView.swift; sourceTree = "<group>"; };
		87D47985299BB3CE00F6DD51 /* RecipeListApp2.app */ = {isa = PBXFileReference; explicitFileType = wrapper.application; includeInIndex = 0; path = RecipeListApp2.app; sourceTree = BUILT_PRODUCTS_DIR; };
		87D47988299BB3CE00F6DD51 /* RecipeListApp2.swift */ = {isa = PBXFileReference; lastKnownFileType = sourcecode.swift; path = RecipeListApp2.swift; sourceTree = "<group>"; };
		87D4798A299BB3CE00F6DD51 /* RecipeListView.swift */ = {isa = PBXFileReference; lastKnownFileType = sourcecode.swift; path = RecipeListView.swift; sourceTree = "<group>"; };
		87D4798C299BB3CF00F6DD51 /* Assets.xcassets */ = {isa = PBXFileReference; lastKnownFileType = folder.assetcatalog; path = Assets.xcassets; sourceTree = "<group>"; };
		87D4798F299BB3CF00F6DD51 /* Preview Assets.xcassets */ = {isa = PBXFileReference; lastKnownFileType = folder.assetcatalog; path = "Preview Assets.xcassets"; sourceTree = "<group>"; };
		87D4799B299BB68700F6DD51 /* recipes.json */ = {isa = PBXFileReference; lastKnownFileType = text.json; path = recipes.json; sourceTree = "<group>"; };
		87D4799D299BB75200F6DD51 /* Recipe.swift */ = {isa = PBXFileReference; lastKnownFileType = sourcecode.swift; path = Recipe.swift; sourceTree = "<group>"; };
		87D4799F299BB8CE00F6DD51 /* RecipeModel.swift */ = {isa = PBXFileReference; lastKnownFileType = sourcecode.swift; path = RecipeModel.swift; sourceTree = "<group>"; };
		87D479A1299BBBE400F6DD51 /* DataService.swift */ = {isa = PBXFileReference; lastKnownFileType = sourcecode.swift; path = DataService.swift; sourceTree = "<group>"; };
/* End PBXFileReference section */

/* Begin PBXFrameworksBuildPhase section */
		87D47982299BB3CE00F6DD51 /* Frameworks */ = {
			isa = PBXFrameworksBuildPhase;
			buildActionMask = 2147483647;
			files = (
			);
			runOnlyForDeploymentPostprocessing = 0;
		};
/* End PBXFrameworksBuildPhase section */

/* Begin PBXGroup section */
		87D4797C299BB3CE00F6DD51 = {
			isa = PBXGroup;
			children = (
				87D47987299BB3CE00F6DD51 /* RecipeListApp2 */,
				87D47986299BB3CE00F6DD51 /* Products */,
			);
			sourceTree = "<group>";
		};
		87D47986299BB3CE00F6DD51 /* Products */ = {
			isa = PBXGroup;
			children = (
				87D47985299BB3CE00F6DD51 /* RecipeListApp2.app */,
			);
			name = Products;
			sourceTree = "<group>";
		};
		87D47987299BB3CE00F6DD51 /* RecipeListApp2 */ = {
			isa = PBXGroup;
			children = (
				87D47988299BB3CE00F6DD51 /* RecipeListApp2.swift */,
				87D47998299BB40000F6DD51 /* Views */,
				87D47997299BB3EF00F6DD51 /* ViewModels */,
				87D47996299BB3E000F6DD51 /* Models */,
				87D47999299BB40D00F6DD51 /* Services */,
				87D4799A299BB41D00F6DD51 /* Data */,
				87D4798E299BB3CF00F6DD51 /* Preview Content */,
			);
			path = RecipeListApp2;
			sourceTree = "<group>";
		};
		87D4798E299BB3CF00F6DD51 /* Preview Content */ = {
			isa = PBXGroup;
			children = (
				87D4798F299BB3CF00F6DD51 /* Preview Assets.xcassets */,
			);
			path = "Preview Content";
			sourceTree = "<group>";
		};
		87D47996299BB3E000F6DD51 /* Models */ = {
			isa = PBXGroup;
			children = (
				87D4799D299BB75200F6DD51 /* Recipe.swift */,
			);
			path = Models;
			sourceTree = "<group>";
		};
		87D47997299BB3EF00F6DD51 /* ViewModels */ = {
			isa = PBXGroup;
			children = (
				87D4799F299BB8CE00F6DD51 /* RecipeModel.swift */,
			);
			path = ViewModels;
			sourceTree = "<group>";
		};
		87D47998299BB40000F6DD51 /* Views */ = {
			isa = PBXGroup;
			children = (
				87D4798A299BB3CE00F6DD51 /* RecipeListView.swift */,
				87C7F70D29B6438A00E5933B /* RecipeTabView.swift */,
				8738E58C299E480B005EFB0E /* RecipeDataView.swift */,
			);
			path = Views;
			sourceTree = "<group>";
		};
		87D47999299BB40D00F6DD51 /* Services */ = {
			isa = PBXGroup;
			children = (
				87D479A1299BBBE400F6DD51 /* DataService.swift */,
			);
			path = Services;
			sourceTree = "<group>";
		};
		87D4799A299BB41D00F6DD51 /* Data */ = {
			isa = PBXGroup;
			children = (
				87D4798C299BB3CF00F6DD51 /* Assets.xcassets */,
				87D4799B299BB68700F6DD51 /* recipes.json */,
			);
			path = Data;
			sourceTree = "<group>";
		};
/* End PBXGroup section */

/* Begin PBXNativeTarget section */
		87D47984299BB3CE00F6DD51 /* RecipeListApp2 */ = {
			isa = PBXNativeTarget;
			buildConfigurationList = 87D47993299BB3CF00F6DD51 /* Build configuration list for PBXNativeTarget "RecipeListApp2" */;
			buildPhases = (
				87D47981299BB3CE00F6DD51 /* Sources */,
				87D47982299BB3CE00F6DD51 /* Frameworks */,
				87D47983299BB3CE00F6DD51 /* Resources */,
			);
			buildRules = (
			);
			dependencies = (
			);
			name = RecipeListApp2;
			productName = RecipeListApp2;
			productReference = 87D47985299BB3CE00F6DD51 /* RecipeListApp2.app */;
			productType = "com.apple.product-type.application";
		};
/* End PBXNativeTarget section */

/* Begin PBXProject section */
		87D4797D299BB3CE00F6DD51 /* Project object */ = {
			isa = PBXProject;
			attributes = {
				BuildIndependentTargetsInParallel = 1;
				LastSwiftUpdateCheck = 1420;
				LastUpgradeCheck = 1420;
				TargetAttributes = {
					87D47984299BB3CE00F6DD51 = {
						CreatedOnToolsVersion = 14.2;
					};
				};
			};
			buildConfigurationList = 87D47980299BB3CE00F6DD51 /* Build configuration list for PBXProject "RecipeListApp2" */;
			compatibilityVersion = "Xcode 14.0";
			developmentRegion = en;
			hasScannedForEncodings = 0;
			knownRegions = (
				en,
				Base,
			);
			mainGroup = 87D4797C299BB3CE00F6DD51;
			productRefGroup = 87D47986299BB3CE00F6DD51 /* Products */;
			projectDirPath = "";
			projectRoot = "";
			targets = (
				87D47984299BB3CE00F6DD51 /* RecipeListApp2 */,
			);
		};
/* End PBXProject section */

/* Begin PBXResourcesBuildPhase section */
		87D47983299BB3CE00F6DD51 /* Resources */ = {
			isa = PBXResourcesBuildPhase;
			buildActionMask = 2147483647;
			files = (
				87D47990299BB3CF00F6DD51 /* Preview Assets.xcassets in Resources */,
				87D4799C299BB68700F6DD51 /* recipes.json in Resources */,
				87D4798D299BB3CF00F6DD51 /* Assets.xcassets in Resources */,
			);
			runOnlyForDeploymentPostprocessing = 0;
		};
/* End PBXResourcesBuildPhase section */

/* Begin PBXSourcesBuildPhase section */
		87D47981299BB3CE00F6DD51 /* Sources */ = {
			isa = PBXSourcesBuildPhase;
			buildActionMask = 2147483647;
			files = (
				87D4799E299BB75200F6DD51 /* Recipe.swift in Sources */,
				8738E58D299E480B005EFB0E /* RecipeDataView.swift in Sources */,
				87D479A0299BB8CE00F6DD51 /* RecipeModel.swift in Sources */,
				87D4798B299BB3CE00F6DD51 /* RecipeListView.swift in Sources */,
				87D47989299BB3CE00F6DD51 /* RecipeListApp2.swift in Sources */,
				87D479A2299BBBE400F6DD51 /* DataService.swift in Sources */,
				87C7F70E29B6438A00E5933B /* RecipeTabView.swift in Sources */,
			);
			runOnlyForDeploymentPostprocessing = 0;
		};
/* End PBXSourcesBuildPhase section */

/* Begin XCBuildConfiguration section */
		87D47991299BB3CF00F6DD51 /* Debug */ = {
			isa = XCBuildConfiguration;
			buildSettings = {
				ALWAYS_SEARCH_USER_PATHS = NO;
				CLANG_ANALYZER_NONNULL = YES;
				CLANG_ANALYZER_NUMBER_OBJECT_CONVERSION = YES_AGGRESSIVE;
				CLANG_CXX_LANGUAGE_STANDARD = "gnu++20";
				CLANG_ENABLE_MODULES = YES;
				CLANG_ENABLE_OBJC_ARC = YES;
				CLANG_ENABLE_OBJC_WEAK = YES;
				CLANG_WARN_BLOCK_CAPTURE_AUTORELEASING = YES;
				CLANG_WARN_BOOL_CONVERSION = YES;
				CLANG_WARN_COMMA = YES;
				CLANG_WARN_CONSTANT_CONVERSION = YES;
				CLANG_WARN_DEPRECATED_OBJC_IMPLEMENTATIONS = YES;
				CLANG_WARN_DIRECT_OBJC_ISA_USAGE = YES_ERROR;
				CLANG_WARN_DOCUMENTATION_COMMENTS = YES;
				CLANG_WARN_EMPTY_BODY = YES;
				CLANG_WARN_ENUM_CONVERSION = YES;
				CLANG_WARN_INFINITE_RECURSION = YES;
				CLANG_WARN_INT_CONVERSION = YES;
				CLANG_WARN_NON_LITERAL_NULL_CONVERSION = YES;
				CLANG_WARN_OBJC_IMPLICIT_RETAIN_SELF = YES;
				CLANG_WARN_OBJC_LITERAL_CONVERSION = YES;
				CLANG_WARN_OBJC_ROOT_CLASS = YES_ERROR;
				CLANG_WARN_QUOTED_INCLUDE_IN_FRAMEWORK_HEADER = YES;
				CLANG_WARN_RANGE_LOOP_ANALYSIS = YES;
				CLANG_WARN_STRICT_PROTOTYPES = YES;
				CLANG_WARN_SUSPICIOUS_MOVE = YES;
				CLANG_WARN_UNGUARDED_AVAILABILITY = YES_AGGRESSIVE;
				CLANG_WARN_UNREACHABLE_CODE = YES;
				CLANG_WARN__DUPLICATE_METHOD_MATCH = YES;
				COPY_PHASE_STRIP = NO;
				DEBUG_INFORMATION_FORMAT = dwarf;
				ENABLE_STRICT_OBJC_MSGSEND = YES;
				ENABLE_TESTABILITY = YES;
				GCC_C_LANGUAGE_STANDARD = gnu11;
				GCC_DYNAMIC_NO_PIC = NO;
				GCC_NO_COMMON_BLOCKS = YES;
				GCC_OPTIMIZATION_LEVEL = 0;
				GCC_PREPROCESSOR_DEFINITIONS = (
					"DEBUG=1",
					"$(inherited)",
				);
				GCC_WARN_64_TO_32_BIT_CONVERSION = YES;
				GCC_WARN_ABOUT_RETURN_TYPE = YES_ERROR;
				GCC_WARN_UNDECLARED_SELECTOR = YES;
				GCC_WARN_UNINITIALIZED_AUTOS = YES_AGGRESSIVE;
				GCC_WARN_UNUSED_FUNCTION = YES;
				GCC_WARN_UNUSED_VARIABLE = YES;
				IPHONEOS_DEPLOYMENT_TARGET = 16.2;
				MTL_ENABLE_DEBUG_INFO = INCLUDE_SOURCE;
				MTL_FAST_MATH = YES;
				ONLY_ACTIVE_ARCH = YES;
				SDKROOT = iphoneos;
				SWIFT_ACTIVE_COMPILATION_CONDITIONS = DEBUG;
				SWIFT_OPTIMIZATION_LEVEL = "-Onone";
			};
			name = Debug;
		};
		87D47992299BB3CF00F6DD51 /* Release */ = {
			isa = XCBuildConfiguration;
			buildSettings = {
				ALWAYS_SEARCH_USER_PATHS = NO;
				CLANG_ANALYZER_NONNULL = YES;
				CLANG_ANALYZER_NUMBER_OBJECT_CONVERSION = YES_AGGRESSIVE;
				CLANG_CXX_LANGUAGE_STANDARD = "gnu++20";
				CLANG_ENABLE_MODULES = YES;
				CLANG_ENABLE_OBJC_ARC = YES;
				CLANG_ENABLE_OBJC_WEAK = YES;
				CLANG_WARN_BLOCK_CAPTURE_AUTORELEASING = YES;
				CLANG_WARN_BOOL_CONVERSION = YES;
				CLANG_WARN_COMMA = YES;
				CLANG_WARN_CONSTANT_CONVERSION = YES;
				CLANG_WARN_DEPRECATED_OBJC_IMPLEMENTATIONS = YES;
				CLANG_WARN_DIRECT_OBJC_ISA_USAGE = YES_ERROR;
				CLANG_WARN_DOCUMENTATION_COMMENTS = YES;
				CLANG_WARN_EMPTY_BODY = YES;
				CLANG_WARN_ENUM_CONVERSION = YES;
				CLANG_WARN_INFINITE_RECURSION = YES;
				CLANG_WARN_INT_CONVERSION = YES;
				CLANG_WARN_NON_LITERAL_NULL_CONVERSION = YES;
				CLANG_WARN_OBJC_IMPLICIT_RETAIN_SELF = YES;
				CLANG_WARN_OBJC_LITERAL_CONVERSION = YES;
				CLANG_WARN_OBJC_ROOT_CLASS = YES_ERROR;
				CLANG_WARN_QUOTED_INCLUDE_IN_FRAMEWORK_HEADER = YES;
				CLANG_WARN_RANGE_LOOP_ANALYSIS = YES;
				CLANG_WARN_STRICT_PROTOTYPES = YES;
				CLANG_WARN_SUSPICIOUS_MOVE = YES;
				CLANG_WARN_UNGUARDED_AVAILABILITY = YES_AGGRESSIVE;
				CLANG_WARN_UNREACHABLE_CODE = YES;
				CLANG_WARN__DUPLICATE_METHOD_MATCH = YES;
				COPY_PHASE_STRIP = NO;
				DEBUG_INFORMATION_FORMAT = "dwarf-with-dsym";
				ENABLE_NS_ASSERTIONS = NO;
				ENABLE_STRICT_OBJC_MSGSEND = YES;
				GCC_C_LANGUAGE_STANDARD = gnu11;
				GCC_NO_COMMON_BLOCKS = YES;
				GCC_WARN_64_TO_32_BIT_CONVERSION = YES;
				GCC_WARN_ABOUT_RETURN_TYPE = YES_ERROR;
				GCC_WARN_UNDECLARED_SELECTOR = YES;
				GCC_WARN_UNINITIALIZED_AUTOS = YES_AGGRESSIVE;
				GCC_WARN_UNUSED_FUNCTION = YES;
				GCC_WARN_UNUSED_VARIABLE = YES;
				IPHONEOS_DEPLOYMENT_TARGET = 16.2;
				MTL_ENABLE_DEBUG_INFO = NO;
				MTL_FAST_MATH = YES;
				SDKROOT = iphoneos;
				SWIFT_COMPILATION_MODE = wholemodule;
				SWIFT_OPTIMIZATION_LEVEL = "-O";
				VALIDATE_PRODUCT = YES;
			};
			name = Release;
		};
		87D47994299BB3CF00F6DD51 /* Debug */ = {
			isa = XCBuildConfiguration;
			buildSettings = {
				ASSETCATALOG_COMPILER_APPICON_NAME = AppIcon;
				ASSETCATALOG_COMPILER_GLOBAL_ACCENT_COLOR_NAME = AccentColor;
				CODE_SIGN_STYLE = Automatic;
				CURRENT_PROJECT_VERSION = 1;
				DEVELOPMENT_ASSET_PATHS = "\"RecipeListApp2/Preview Content\"";
				ENABLE_PREVIEWS = YES;
				GENERATE_INFOPLIST_FILE = YES;
				INFOPLIST_KEY_UIApplicationSceneManifest_Generation = YES;
				INFOPLIST_KEY_UIApplicationSupportsIndirectInputEvents = YES;
				INFOPLIST_KEY_UILaunchScreen_Generation = YES;
				INFOPLIST_KEY_UISupportedInterfaceOrientations_iPad = "UIInterfaceOrientationPortrait UIInterfaceOrientationPortraitUpsideDown UIInterfaceOrientationLandscapeLeft UIInterfaceOrientationLandscapeRight";
				INFOPLIST_KEY_UISupportedInterfaceOrientations_iPhone = "UIInterfaceOrientationPortrait UIInterfaceOrientationLandscapeLeft UIInterfaceOrientationLandscapeRight";
				LD_RUNPATH_SEARCH_PATHS = (
					"$(inherited)",
					"@executable_path/Frameworks",
				);
				MARKETING_VERSION = 1.0;
				PRODUCT_BUNDLE_IDENTIFIER = prqctice.RecipeListApp2;
				PRODUCT_NAME = "$(TARGET_NAME)";
				SWIFT_EMIT_LOC_STRINGS = YES;
				SWIFT_VERSION = 5.0;
				TARGETED_DEVICE_FAMILY = "1,2";
			};
			name = Debug;
		};
		87D47995299BB3CF00F6DD51 /* Release */ = {
			isa = XCBuildConfiguration;
			buildSettings = {
				ASSETCATALOG_COMPILER_APPICON_NAME = AppIcon;
				ASSETCATALOG_COMPILER_GLOBAL_ACCENT_COLOR_NAME = AccentColor;
				CODE_SIGN_STYLE = Automatic;
				CURRENT_PROJECT_VERSION = 1;
				DEVELOPMENT_ASSET_PATHS = "\"RecipeListApp2/Preview Content\"";
				ENABLE_PREVIEWS = YES;
				GENERATE_INFOPLIST_FILE = YES;
				INFOPLIST_KEY_UIApplicationSceneManifest_Generation = YES;
				INFOPLIST_KEY_UIApplicationSupportsIndirectInputEvents = YES;
				INFOPLIST_KEY_UILaunchScreen_Generation = YES;
				INFOPLIST_KEY_UISupportedInterfaceOrientations_iPad = "UIInterfaceOrientationPortrait UIInterfaceOrientationPortraitUpsideDown UIInterfaceOrientationLandscapeLeft UIInterfaceOrientationLandscapeRight";
				INFOPLIST_KEY_UISupportedInterfaceOrientations_iPhone = "UIInterfaceOrientationPortrait UIInterfaceOrientationLandscapeLeft UIInterfaceOrientationLandscapeRight";
				LD_RUNPATH_SEARCH_PATHS = (
					"$(inherited)",
					"@executable_path/Frameworks",
				);
				MARKETING_VERSION = 1.0;
				PRODUCT_BUNDLE_IDENTIFIER = prqctice.RecipeListApp2;
				PRODUCT_NAME = "$(TARGET_NAME)";
				SWIFT_EMIT_LOC_STRINGS = YES;
				SWIFT_VERSION = 5.0;
				TARGETED_DEVICE_FAMILY = "1,2";
			};
			name = Release;
		};
/* End XCBuildConfiguration section */

/* Begin XCConfigurationList section */
		87D47980299BB3CE00F6DD51 /* Build configuration list for PBXProject "RecipeListApp2" */ = {
			isa = XCConfigurationList;
			buildConfigurations = (
				87D47991299BB3CF00F6DD51 /* Debug */,
				87D47992299BB3CF00F6DD51 /* Release */,
			);
			defaultConfigurationIsVisible = 0;
			defaultConfigurationName = Release;
		};
		87D47993299BB3CF00F6DD51 /* Build configuration list for PBXNativeTarget "RecipeListApp2" */ = {
			isa = XCConfigurationList;
			buildConfigurations = (
				87D47994299BB3CF00F6DD51 /* Debug */,
				87D47995299BB3CF00F6DD51 /* Release */,
			);
			defaultConfigurationIsVisible = 0;
			defaultConfigurationName = Release;
		};
/* End XCConfigurationList section */
	};
	rootObject = 87D4797D299BB3CE00F6DD51 /* Project object */;
}
